
Microsoft Visual Studio Solution File, Format Version 12.00
# Visual Studio 15
VisualStudioVersion = 15.0.28010.2041
MinimumVisualStudioVersion = 10.0.40219.1
Project("{FAE04EC0-301F-11D3-BF4B-00C04F79EFBC}") = "PublicApiWinClient", "PublicApiWinClient\PublicApiWinClient.csproj", "{73AE4F99-508C-43AD-8014-18EE5E0A0A1D}"
EndProject
Project("{9A19103F-16F7-4668-BE54-9A1E7A4F7556}") = "CurrencyConversion", "CurrencyConversion\CurrencyConversion.csproj", "{A5D4DD91-BDE6-41C9-81E6-A124D65A9A62}"
EndProject
Global
	GlobalSection(SolutionConfigurationPlatforms) = preSolution
		Debug|Any CPU = Debug|Any CPU
		Release|Any CPU = Release|Any CPU
	EndGlobalSection
	GlobalSection(ProjectConfigurationPlatforms) = postSolution
		{73AE4F99-508C-43AD-8014-18EE5E0A0A1D}.Debug|Any CPU.ActiveCfg = Debug|Any CPU
		{73AE4F99-508C-43AD-8014-18EE5E0A0A1D}.Debug|Any CPU.Build.0 = Debug|Any CPU
		{73AE4F99-508C-43AD-8014-18EE5E0A0A1D}.Release|Any CPU.ActiveCfg = Release|Any CPU
		{73AE4F99-508C-43AD-8014-18EE5E0A0A1D}.Release|Any CPU.Build.0 = Release|Any CPU
		{A5D4DD91-BDE6-41C9-81E6-A124D65A9A62}.Debug|Any CPU.ActiveCfg = Debug|Any CPU
		{A5D4DD91-BDE6-41C9-81E6-A124D65A9A62}.Debug|Any CPU.Build.0 = Debug|Any CPU
		{A5D4DD91-BDE6-41C9-81E6-A124D65A9A62}.Release|Any CPU.ActiveCfg = Release|Any CPU
		{A5D4DD91-BDE6-41C9-81E6-A124D65A9A62}.Release|Any CPU.Build.0 = Release|Any CPU
	EndGlobalSection
	GlobalSection(SolutionProperties) = preSolution
		HideSolutionNode = FALSE
	EndGlobalSection
	GlobalSection(ExtensibilityGlobals) = postSolution
		SolutionGuid = {24265533-661A-4EC9-9F4B-24812E334FDF}
	EndGlobalSection
EndGlobal
